
Microsoft Visual Studio Solution File, Format Version 12.00
# Visual Studio Version 17
VisualStudioVersion = 17.9.34622.214
MinimumVisualStudioVersion = 10.0.40219.1
Project("{FAE04EC0-301F-11D3-BF4B-00C04F79EFBC}") = "SyncfusionTest", "SyncfusionTest\SyncfusionTest.csproj", "{C63E6EE1-EA02-46EC-9092-3D95CFBFA046}"
EndProject
Global
	GlobalSection(SolutionConfigurationPlatforms) = preSolution
		Debug|Any CPU = Debug|Any CPU
		Release|Any CPU = Release|Any CPU
	EndGlobalSection
	GlobalSection(ProjectConfigurationPlatforms) = postSolution
		{C63E6EE1-EA02-46EC-9092-3D95CFBFA046}.Debug|Any CPU.ActiveCfg = Debug|Any CPU
		{C63E6EE1-EA02-46EC-9092-3D95CFBFA046}.Debug|Any CPU.Build.0 = Debug|Any CPU
		{C63E6EE1-EA02-46EC-9092-3D95CFBFA046}.Debug|Any CPU.Deploy.0 = Debug|Any CPU
		{C63E6EE1-EA02-46EC-9092-3D95CFBFA046}.Release|Any CPU.ActiveCfg = Release|Any CPU
		{C63E6EE1-EA02-46EC-9092-3D95CFBFA046}.Release|Any CPU.Build.0 = Release|Any CPU
		{C63E6EE1-EA02-46EC-9092-3D95CFBFA046}.Release|Any CPU.Deploy.0 = Release|Any CPU
	EndGlobalSection
	GlobalSection(SolutionProperties) = preSolution
		HideSolutionNode = FALSE
	EndGlobalSection
	GlobalSection(ExtensibilityGlobals) = postSolution
		SolutionGuid = {329B1F95-34F4-4090-916F-58875A6AF971}
	EndGlobalSection
EndGlobal
